# This file is automatically @generated by Cargo.
# It is not intended for manual editing.
[[package]]
name = "addr"
version = "0.1.0"

[[package]]
name = "chapter15"
version = "0.1.0"

[[package]]
name = "chapter16"
version = "0.1.0"

[[package]]
name = "chapter17"
version = "0.1.0"

[[package]]
name = "chapter18"
version = "0.1.0"

[[package]]
name = "hello-demo"
version = "0.1.0"
